
Microsoft Visual Studio Solution File, Format Version 12.00
# Visual Studio Version 16
VisualStudioVersion = 16.0.30907.101
MinimumVisualStudioVersion = 10.0.40219.1
Project("{FAE04EC0-301F-11D3-BF4B-00C04F79EFBC}") = "HasanFurkanFidan.CarRentalProject.Entities", "HasanFurkanFidan.CarRentalProject.Entities\HasanFurkanFidan.CarRentalProject.Entities.csproj", "{9AF647A1-8FE2-4F2E-831B-BD5C20A24F54}"
EndProject
Project("{FAE04EC0-301F-11D3-BF4B-00C04F79EFBC}") = "HasanFurkanFidan.CarRentalProject.Core", "HasanFurkanFidan.CarRentalProject.Core\HasanFurkanFidan.CarRentalProject.Core.csproj", "{6B1D42E3-3710-429D-8B30-02CCACEEAEEC}"
EndProject
Project("{FAE04EC0-301F-11D3-BF4B-00C04F79EFBC}") = "HasanFurkanFidan.CarRentalProject.DataAccess", "HasanFurkanFidan.CarRentalProject.DataAccess\HasanFurkanFidan.CarRentalProject.DataAccess.csproj", "{1E82628C-22E1-422B-8FED-E9144F17C691}"
EndProject
Global
	GlobalSection(SolutionConfigurationPlatforms) = preSolution
		Debug|Any CPU = Debug|Any CPU
		Release|Any CPU = Release|Any CPU
	EndGlobalSection
	GlobalSection(ProjectConfigurationPlatforms) = postSolution
		{9AF647A1-8FE2-4F2E-831B-BD5C20A24F54}.Debug|Any CPU.ActiveCfg = Debug|Any CPU
		{9AF647A1-8FE2-4F2E-831B-BD5C20A24F54}.Debug|Any CPU.Build.0 = Debug|Any CPU
		{9AF647A1-8FE2-4F2E-831B-BD5C20A24F54}.Release|Any CPU.ActiveCfg = Release|Any CPU
		{9AF647A1-8FE2-4F2E-831B-BD5C20A24F54}.Release|Any CPU.Build.0 = Release|Any CPU
		{6B1D42E3-3710-429D-8B30-02CCACEEAEEC}.Debug|Any CPU.ActiveCfg = Debug|Any CPU
		{6B1D42E3-3710-429D-8B30-02CCACEEAEEC}.Debug|Any CPU.Build.0 = Debug|Any CPU
		{6B1D42E3-3710-429D-8B30-02CCACEEAEEC}.Release|Any CPU.ActiveCfg = Release|Any CPU
		{6B1D42E3-3710-429D-8B30-02CCACEEAEEC}.Release|Any CPU.Build.0 = Release|Any CPU
		{1E82628C-22E1-422B-8FED-E9144F17C691}.Debug|Any CPU.ActiveCfg = Debug|Any CPU
		{1E82628C-22E1-422B-8FED-E9144F17C691}.Debug|Any CPU.Build.0 = Debug|Any CPU
		{1E82628C-22E1-422B-8FED-E9144F17C691}.Release|Any CPU.ActiveCfg = Release|Any CPU
		{1E82628C-22E1-422B-8FED-E9144F17C691}.Release|Any CPU.Build.0 = Release|Any CPU
	EndGlobalSection
	GlobalSection(SolutionProperties) = preSolution
		HideSolutionNode = FALSE
	EndGlobalSection
	GlobalSection(ExtensibilityGlobals) = postSolution
		SolutionGuid = {4C3C50FE-1EB0-4475-BC97-CDDA4DEBF89B}
	EndGlobalSection
EndGlobal
